
Microsoft Visual Studio Solution File, Format Version 12.00
# Visual Studio Version 17
VisualStudioVersion = 17.8.34309.116
MinimumVisualStudioVersion = 10.0.40219.1
Project("{9A19103F-16F7-4668-BE54-9A1E7A4F7556}") = "AuthenticationSample", "AuthenticationSample\AuthenticationSample.csproj", "{D1147DA3-A483-496B-8905-5DB0988F2BDD}"
EndProject
Project("{9A19103F-16F7-4668-BE54-9A1E7A4F7556}") = "AuthorizationSample", "AuthorizationSample\AuthorizationSample.csproj", "{476D61A3-13EA-44C8-AA6E-585AF9319086}"
EndProject
Global
	GlobalSection(SolutionConfigurationPlatforms) = preSolution
		Debug|Any CPU = Debug|Any CPU
		Release|Any CPU = Release|Any CPU
	EndGlobalSection
	GlobalSection(ProjectConfigurationPlatforms) = postSolution
		{D1147DA3-A483-496B-8905-5DB0988F2BDD}.Debug|Any CPU.ActiveCfg = Debug|Any CPU
		{D1147DA3-A483-496B-8905-5DB0988F2BDD}.Debug|Any CPU.Build.0 = Debug|Any CPU
		{D1147DA3-A483-496B-8905-5DB0988F2BDD}.Release|Any CPU.ActiveCfg = Release|Any CPU
		{D1147DA3-A483-496B-8905-5DB0988F2BDD}.Release|Any CPU.Build.0 = Release|Any CPU
		{476D61A3-13EA-44C8-AA6E-585AF9319086}.Debug|Any CPU.ActiveCfg = Debug|Any CPU
		{476D61A3-13EA-44C8-AA6E-585AF9319086}.Debug|Any CPU.Build.0 = Debug|Any CPU
		{476D61A3-13EA-44C8-AA6E-585AF9319086}.Release|Any CPU.ActiveCfg = Release|Any CPU
		{476D61A3-13EA-44C8-AA6E-585AF9319086}.Release|Any CPU.Build.0 = Release|Any CPU
	EndGlobalSection
	GlobalSection(SolutionProperties) = preSolution
		HideSolutionNode = FALSE
	EndGlobalSection
	GlobalSection(ExtensibilityGlobals) = postSolution
		SolutionGuid = {5FAD3614-A223-4D75-8256-AB869BFE9513}
	EndGlobalSection
EndGlobal
