
Microsoft Visual Studio Solution File, Format Version 12.00
# Visual Studio Version 17
VisualStudioVersion = 17.8.34309.116
MinimumVisualStudioVersion = 10.0.40219.1
Project("{2150E333-8FDC-42A3-9474-1A3956D46DE8}") = "Solution Items", "Solution Items", "{60B43724-AA4C-4108-A0DA-AD33065B8128}"
	ProjectSection(SolutionItems) = preProject
		.editorconfig = .editorconfig
	EndProjectSection
EndProject
Project("{2150E333-8FDC-42A3-9474-1A3956D46DE8}") = "AuthnAndAuthz", "AuthnAndAuthz", "{F14DD4AC-693A-48CD-B10D-D8157CD0BF64}"
EndProject
Project("{9A19103F-16F7-4668-BE54-9A1E7A4F7556}") = "Authentication", "AuthnAndAuthz\Authentication\Authentication.csproj", "{96305BF6-8E9C-4403-88A7-D57AD0781F29}"
EndProject
Project("{9A19103F-16F7-4668-BE54-9A1E7A4F7556}") = "AuthenticationSchemas", "AuthnAndAuthz\AuthenticationSchemas\AuthenticationSchemas.csproj", "{CE2FA181-0C52-42D6-83E0-B6E62CAECF7B}"
EndProject
Project("{9A19103F-16F7-4668-BE54-9A1E7A4F7556}") = "Authorization", "AuthnAndAuthz\Authorization\Authorization.csproj", "{00562686-D46D-4D3F-A870-8E8E0BB79076}"
EndProject
Project("{9A19103F-16F7-4668-BE54-9A1E7A4F7556}") = "DotNet8Authentication", "AuthnAndAuthz\DotNet8Authentication\DotNet8Authentication.csproj", "{8EB15595-DE07-4FCC-88C7-39EBD410D002}"
EndProject
Project("{9A19103F-16F7-4668-BE54-9A1E7A4F7556}") = "RoleBasedAuthorization.Roles", "AuthnAndAuthz\RoleBasedAuthorization.Roles\RoleBasedAuthorization.Roles.csproj", "{2EA0B65E-C7D0-4FBD-982F-24EBE5D4A1A6}"
EndProject
Project("{9A19103F-16F7-4668-BE54-9A1E7A4F7556}") = "RoleBasedAuthorization.RolesIdentity", "AuthnAndAuthz\RoleBasedAuthorization.RolesIdentity\RoleBasedAuthorization.RolesIdentity.csproj", "{636EBA7B-5AEF-436F-9123-4BD1846A5559}"
EndProject
Project("{2150E333-8FDC-42A3-9474-1A3956D46DE8}") = "CleanArchitecture", "CleanArchitecture", "{9D9C4E75-7202-41C4-A3A6-B8A69C1D3C3F}"
EndProject
Project("{2150E333-8FDC-42A3-9474-1A3956D46DE8}") = "Skeleton", "Skeleton", "{08175929-4F13-43C1-A9FA-0FC8D366920A}"
EndProject
Project("{FAE04EC0-301F-11D3-BF4B-00C04F79EFBC}") = "Domain", "CleanArchitecture\Skeleton\Domain\Domain.csproj", "{9C27DF5E-2AD7-45FD-AB6C-689300F0B8E0}"
EndProject
Project("{FAE04EC0-301F-11D3-BF4B-00C04F79EFBC}") = "Application", "CleanArchitecture\Skeleton\Application\Application.csproj", "{F25564D4-F668-44E4-BEF4-4796E11B62D0}"
EndProject
Project("{FAE04EC0-301F-11D3-BF4B-00C04F79EFBC}") = "Infrastructure", "CleanArchitecture\Skeleton\Infrastructure\Infrastructure.csproj", "{7FA5942A-B048-49F5-B7C0-050C7020BBD6}"
EndProject
Project("{FAE04EC0-301F-11D3-BF4B-00C04F79EFBC}") = "Persistence.SqlServer", "CleanArchitecture\Skeleton\Persistence.SqlServer\Persistence.SqlServer.csproj", "{5037DEC4-7FE9-4AED-B555-5BCB2EFF60BB}"
EndProject
Project("{FAE04EC0-301F-11D3-BF4B-00C04F79EFBC}") = "Presentation", "CleanArchitecture\Skeleton\Presentation\Presentation.csproj", "{34A711AB-C808-4583-974A-E41F1EBFF710}"
EndProject
Project("{FAE04EC0-301F-11D3-BF4B-00C04F79EFBC}") = "WebApi", "CleanArchitecture\Skeleton\WebApi\WebApi.csproj", "{97972C34-20E7-4E11-851E-3C09D279F76D}"
EndProject
Global
	GlobalSection(SolutionConfigurationPlatforms) = preSolution
		Debug|Any CPU = Debug|Any CPU
		Release|Any CPU = Release|Any CPU
	EndGlobalSection
	GlobalSection(ProjectConfigurationPlatforms) = postSolution
		{96305BF6-8E9C-4403-88A7-D57AD0781F29}.Debug|Any CPU.ActiveCfg = Debug|Any CPU
		{96305BF6-8E9C-4403-88A7-D57AD0781F29}.Debug|Any CPU.Build.0 = Debug|Any CPU
		{96305BF6-8E9C-4403-88A7-D57AD0781F29}.Release|Any CPU.ActiveCfg = Release|Any CPU
		{96305BF6-8E9C-4403-88A7-D57AD0781F29}.Release|Any CPU.Build.0 = Release|Any CPU
		{CE2FA181-0C52-42D6-83E0-B6E62CAECF7B}.Debug|Any CPU.ActiveCfg = Debug|Any CPU
		{CE2FA181-0C52-42D6-83E0-B6E62CAECF7B}.Debug|Any CPU.Build.0 = Debug|Any CPU
		{CE2FA181-0C52-42D6-83E0-B6E62CAECF7B}.Release|Any CPU.ActiveCfg = Release|Any CPU
		{CE2FA181-0C52-42D6-83E0-B6E62CAECF7B}.Release|Any CPU.Build.0 = Release|Any CPU
		{00562686-D46D-4D3F-A870-8E8E0BB79076}.Debug|Any CPU.ActiveCfg = Debug|Any CPU
		{00562686-D46D-4D3F-A870-8E8E0BB79076}.Debug|Any CPU.Build.0 = Debug|Any CPU
		{00562686-D46D-4D3F-A870-8E8E0BB79076}.Release|Any CPU.ActiveCfg = Release|Any CPU
		{00562686-D46D-4D3F-A870-8E8E0BB79076}.Release|Any CPU.Build.0 = Release|Any CPU
		{8EB15595-DE07-4FCC-88C7-39EBD410D002}.Debug|Any CPU.ActiveCfg = Debug|Any CPU
		{8EB15595-DE07-4FCC-88C7-39EBD410D002}.Debug|Any CPU.Build.0 = Debug|Any CPU
		{8EB15595-DE07-4FCC-88C7-39EBD410D002}.Release|Any CPU.ActiveCfg = Release|Any CPU
		{8EB15595-DE07-4FCC-88C7-39EBD410D002}.Release|Any CPU.Build.0 = Release|Any CPU
		{2EA0B65E-C7D0-4FBD-982F-24EBE5D4A1A6}.Debug|Any CPU.ActiveCfg = Debug|Any CPU
		{2EA0B65E-C7D0-4FBD-982F-24EBE5D4A1A6}.Debug|Any CPU.Build.0 = Debug|Any CPU
		{2EA0B65E-C7D0-4FBD-982F-24EBE5D4A1A6}.Release|Any CPU.ActiveCfg = Release|Any CPU
		{2EA0B65E-C7D0-4FBD-982F-24EBE5D4A1A6}.Release|Any CPU.Build.0 = Release|Any CPU
		{636EBA7B-5AEF-436F-9123-4BD1846A5559}.Debug|Any CPU.ActiveCfg = Debug|Any CPU
		{636EBA7B-5AEF-436F-9123-4BD1846A5559}.Debug|Any CPU.Build.0 = Debug|Any CPU
		{636EBA7B-5AEF-436F-9123-4BD1846A5559}.Release|Any CPU.ActiveCfg = Release|Any CPU
		{636EBA7B-5AEF-436F-9123-4BD1846A5559}.Release|Any CPU.Build.0 = Release|Any CPU
		{9C27DF5E-2AD7-45FD-AB6C-689300F0B8E0}.Debug|Any CPU.ActiveCfg = Debug|Any CPU
		{9C27DF5E-2AD7-45FD-AB6C-689300F0B8E0}.Debug|Any CPU.Build.0 = Debug|Any CPU
		{9C27DF5E-2AD7-45FD-AB6C-689300F0B8E0}.Release|Any CPU.ActiveCfg = Release|Any CPU
		{9C27DF5E-2AD7-45FD-AB6C-689300F0B8E0}.Release|Any CPU.Build.0 = Release|Any CPU
		{F25564D4-F668-44E4-BEF4-4796E11B62D0}.Debug|Any CPU.ActiveCfg = Debug|Any CPU
		{F25564D4-F668-44E4-BEF4-4796E11B62D0}.Debug|Any CPU.Build.0 = Debug|Any CPU
		{F25564D4-F668-44E4-BEF4-4796E11B62D0}.Release|Any CPU.ActiveCfg = Release|Any CPU
		{F25564D4-F668-44E4-BEF4-4796E11B62D0}.Release|Any CPU.Build.0 = Release|Any CPU
		{7FA5942A-B048-49F5-B7C0-050C7020BBD6}.Debug|Any CPU.ActiveCfg = Debug|Any CPU
		{7FA5942A-B048-49F5-B7C0-050C7020BBD6}.Debug|Any CPU.Build.0 = Debug|Any CPU
		{7FA5942A-B048-49F5-B7C0-050C7020BBD6}.Release|Any CPU.ActiveCfg = Release|Any CPU
		{7FA5942A-B048-49F5-B7C0-050C7020BBD6}.Release|Any CPU.Build.0 = Release|Any CPU
		{5037DEC4-7FE9-4AED-B555-5BCB2EFF60BB}.Debug|Any CPU.ActiveCfg = Debug|Any CPU
		{5037DEC4-7FE9-4AED-B555-5BCB2EFF60BB}.Debug|Any CPU.Build.0 = Debug|Any CPU
		{5037DEC4-7FE9-4AED-B555-5BCB2EFF60BB}.Release|Any CPU.ActiveCfg = Release|Any CPU
		{5037DEC4-7FE9-4AED-B555-5BCB2EFF60BB}.Release|Any CPU.Build.0 = Release|Any CPU
		{34A711AB-C808-4583-974A-E41F1EBFF710}.Debug|Any CPU.ActiveCfg = Debug|Any CPU
		{34A711AB-C808-4583-974A-E41F1EBFF710}.Debug|Any CPU.Build.0 = Debug|Any CPU
		{34A711AB-C808-4583-974A-E41F1EBFF710}.Release|Any CPU.ActiveCfg = Release|Any CPU
		{34A711AB-C808-4583-974A-E41F1EBFF710}.Release|Any CPU.Build.0 = Release|Any CPU
		{97972C34-20E7-4E11-851E-3C09D279F76D}.Debug|Any CPU.ActiveCfg = Debug|Any CPU
		{97972C34-20E7-4E11-851E-3C09D279F76D}.Debug|Any CPU.Build.0 = Debug|Any CPU
		{97972C34-20E7-4E11-851E-3C09D279F76D}.Release|Any CPU.ActiveCfg = Release|Any CPU
		{97972C34-20E7-4E11-851E-3C09D279F76D}.Release|Any CPU.Build.0 = Release|Any CPU
	EndGlobalSection
	GlobalSection(SolutionProperties) = preSolution
		HideSolutionNode = FALSE
	EndGlobalSection
	GlobalSection(NestedProjects) = preSolution
		{96305BF6-8E9C-4403-88A7-D57AD0781F29} = {F14DD4AC-693A-48CD-B10D-D8157CD0BF64}
		{CE2FA181-0C52-42D6-83E0-B6E62CAECF7B} = {F14DD4AC-693A-48CD-B10D-D8157CD0BF64}
		{00562686-D46D-4D3F-A870-8E8E0BB79076} = {F14DD4AC-693A-48CD-B10D-D8157CD0BF64}
		{8EB15595-DE07-4FCC-88C7-39EBD410D002} = {F14DD4AC-693A-48CD-B10D-D8157CD0BF64}
		{2EA0B65E-C7D0-4FBD-982F-24EBE5D4A1A6} = {F14DD4AC-693A-48CD-B10D-D8157CD0BF64}
		{636EBA7B-5AEF-436F-9123-4BD1846A5559} = {F14DD4AC-693A-48CD-B10D-D8157CD0BF64}
		{08175929-4F13-43C1-A9FA-0FC8D366920A} = {9D9C4E75-7202-41C4-A3A6-B8A69C1D3C3F}
		{9C27DF5E-2AD7-45FD-AB6C-689300F0B8E0} = {08175929-4F13-43C1-A9FA-0FC8D366920A}
		{F25564D4-F668-44E4-BEF4-4796E11B62D0} = {08175929-4F13-43C1-A9FA-0FC8D366920A}
		{7FA5942A-B048-49F5-B7C0-050C7020BBD6} = {08175929-4F13-43C1-A9FA-0FC8D366920A}
		{5037DEC4-7FE9-4AED-B555-5BCB2EFF60BB} = {08175929-4F13-43C1-A9FA-0FC8D366920A}
		{34A711AB-C808-4583-974A-E41F1EBFF710} = {08175929-4F13-43C1-A9FA-0FC8D366920A}
		{97972C34-20E7-4E11-851E-3C09D279F76D} = {08175929-4F13-43C1-A9FA-0FC8D366920A}
	EndGlobalSection
	GlobalSection(ExtensibilityGlobals) = postSolution
		SolutionGuid = {5FAD3614-A223-4D75-8256-AB869BFE9513}
	EndGlobalSection
EndGlobal
